
Microsoft Visual Studio Solution File, Format Version 12.00
# Visual Studio Version 17
VisualStudioVersion = 17.3.32819.101
MinimumVisualStudioVersion = 10.0.40219.1
Project("{9A19103F-16F7-4668-BE54-9A1E7A4F7556}") = "rescute.Domain", "rescute.Domain\rescute.Domain.csproj", "{4B61C489-6E32-403E-8F73-ADC134EBE72A}"
EndProject
Project("{9A19103F-16F7-4668-BE54-9A1E7A4F7556}") = "rescute.Tests", "rescute.Tests\rescute.Tests.csproj", "{152F3D21-58E4-4614-BB24-2AE0E5D5176A}"
EndProject
Project("{9A19103F-16F7-4668-BE54-9A1E7A4F7556}") = "rescute.Infrastructure", "rescute.Infrastructure\rescute.Infrastructure.csproj", "{4B5B601A-5DF4-4636-B390-856B7CF169F5}"
EndProject
Project("{9A19103F-16F7-4668-BE54-9A1E7A4F7556}") = "rescute.Web", "rescute.Web\rescute.Web.csproj", "{8102BD70-35CE-4BDC-BE8E-27DE89A3306C}"
EndProject
Project("{9A19103F-16F7-4668-BE54-9A1E7A4F7556}") = "rescute.Shared", "rescute.Shared\rescute.Shared.csproj", "{26427863-5D04-4D55-AFFA-5DB1F72ACED6}"
EndProject
Project("{2150E333-8FDC-42A3-9474-1A3956D46DE8}") = "Features", "Features", "{E5F5154E-6A22-4074-9CE9-6DBC8C6FAE3F}"
EndProject
Global
	GlobalSection(SolutionConfigurationPlatforms) = preSolution
		Debug|Any CPU = Debug|Any CPU
		Release|Any CPU = Release|Any CPU
	EndGlobalSection
	GlobalSection(ProjectConfigurationPlatforms) = postSolution
		{4B61C489-6E32-403E-8F73-ADC134EBE72A}.Debug|Any CPU.ActiveCfg = Debug|Any CPU
		{4B61C489-6E32-403E-8F73-ADC134EBE72A}.Debug|Any CPU.Build.0 = Debug|Any CPU
		{4B61C489-6E32-403E-8F73-ADC134EBE72A}.Release|Any CPU.ActiveCfg = Release|Any CPU
		{4B61C489-6E32-403E-8F73-ADC134EBE72A}.Release|Any CPU.Build.0 = Release|Any CPU
		{152F3D21-58E4-4614-BB24-2AE0E5D5176A}.Debug|Any CPU.ActiveCfg = Debug|Any CPU
		{152F3D21-58E4-4614-BB24-2AE0E5D5176A}.Debug|Any CPU.Build.0 = Debug|Any CPU
		{152F3D21-58E4-4614-BB24-2AE0E5D5176A}.Release|Any CPU.ActiveCfg = Release|Any CPU
		{152F3D21-58E4-4614-BB24-2AE0E5D5176A}.Release|Any CPU.Build.0 = Release|Any CPU
		{4B5B601A-5DF4-4636-B390-856B7CF169F5}.Debug|Any CPU.ActiveCfg = Debug|Any CPU
		{4B5B601A-5DF4-4636-B390-856B7CF169F5}.Debug|Any CPU.Build.0 = Debug|Any CPU
		{4B5B601A-5DF4-4636-B390-856B7CF169F5}.Release|Any CPU.ActiveCfg = Release|Any CPU
		{4B5B601A-5DF4-4636-B390-856B7CF169F5}.Release|Any CPU.Build.0 = Release|Any CPU
		{8102BD70-35CE-4BDC-BE8E-27DE89A3306C}.Debug|Any CPU.ActiveCfg = Debug|Any CPU
		{8102BD70-35CE-4BDC-BE8E-27DE89A3306C}.Debug|Any CPU.Build.0 = Debug|Any CPU
		{8102BD70-35CE-4BDC-BE8E-27DE89A3306C}.Release|Any CPU.ActiveCfg = Release|Any CPU
		{8102BD70-35CE-4BDC-BE8E-27DE89A3306C}.Release|Any CPU.Build.0 = Release|Any CPU
		{26427863-5D04-4D55-AFFA-5DB1F72ACED6}.Debug|Any CPU.ActiveCfg = Debug|Any CPU
		{26427863-5D04-4D55-AFFA-5DB1F72ACED6}.Debug|Any CPU.Build.0 = Debug|Any CPU
		{26427863-5D04-4D55-AFFA-5DB1F72ACED6}.Release|Any CPU.ActiveCfg = Release|Any CPU
		{26427863-5D04-4D55-AFFA-5DB1F72ACED6}.Release|Any CPU.Build.0 = Release|Any CPU
	EndGlobalSection
	GlobalSection(SolutionProperties) = preSolution
		HideSolutionNode = FALSE
	EndGlobalSection
	GlobalSection(ExtensibilityGlobals) = postSolution
		SolutionGuid = {2CC0C1E0-037F-4D5E-B1CD-D6998793CD06}
	EndGlobalSection
EndGlobal
